
Microsoft Visual Studio Solution File, Format Version 12.00
# Visual Studio Version 17
VisualStudioVersion = 17.1.32210.238
MinimumVisualStudioVersion = 10.0.40219.1
Project("{FAE04EC0-301F-11D3-BF4B-00C04F79EFBC}") = "Manhunters", "Manhunters\Manhunters.csproj", "{FD8A4ACD-05E8-4B68-877A-DA0D2442600F}"
EndProject
Global
	GlobalSection(SolutionConfigurationPlatforms) = preSolution
		Debug|Any CPU = Debug|Any CPU
		Release|Any CPU = Release|Any CPU
	EndGlobalSection
	GlobalSection(ProjectConfigurationPlatforms) = postSolution
		{FD8A4ACD-05E8-4B68-877A-DA0D2442600F}.Debug|Any CPU.ActiveCfg = Debug|Any CPU
		{FD8A4ACD-05E8-4B68-877A-DA0D2442600F}.Debug|Any CPU.Build.0 = Debug|Any CPU
		{FD8A4ACD-05E8-4B68-877A-DA0D2442600F}.Release|Any CPU.ActiveCfg = Release|Any CPU
		{FD8A4ACD-05E8-4B68-877A-DA0D2442600F}.Release|Any CPU.Build.0 = Release|Any CPU
	EndGlobalSection
	GlobalSection(SolutionProperties) = preSolution
		HideSolutionNode = FALSE
	EndGlobalSection
	GlobalSection(ExtensibilityGlobals) = postSolution
		SolutionGuid = {F997583C-945F-438F-BF81-801DA8C868D6}
	EndGlobalSection
EndGlobal
